
Microsoft Visual Studio Solution File, Format Version 12.00
# Visual Studio 15
VisualStudioVersion = 15.0.28307.2092
MinimumVisualStudioVersion = 10.0.40219.1
Project("{8BC9CEB8-8B4A-11D0-8D11-00A0C91BC942}") = "HW1-2.24", "HW1-2.24\HW1-2.24.vcxproj", "{A7F722C4-7A5C-44C7-8995-987069BAED45}"
EndProject
Global
	GlobalSection(SolutionConfigurationPlatforms) = preSolution
		Debug|x64 = Debug|x64
		Debug|x86 = Debug|x86
		Release|x64 = Release|x64
		Release|x86 = Release|x86
	EndGlobalSection
	GlobalSection(ProjectConfigurationPlatforms) = postSolution
		{A7F722C4-7A5C-44C7-8995-987069BAED45}.Debug|x64.ActiveCfg = Debug|x64
		{A7F722C4-7A5C-44C7-8995-987069BAED45}.Debug|x64.Build.0 = Debug|x64
		{A7F722C4-7A5C-44C7-8995-987069BAED45}.Debug|x86.ActiveCfg = Debug|Win32
		{A7F722C4-7A5C-44C7-8995-987069BAED45}.Debug|x86.Build.0 = Debug|Win32
		{A7F722C4-7A5C-44C7-8995-987069BAED45}.Release|x64.ActiveCfg = Release|x64
		{A7F722C4-7A5C-44C7-8995-987069BAED45}.Release|x64.Build.0 = Release|x64
		{A7F722C4-7A5C-44C7-8995-987069BAED45}.Release|x86.ActiveCfg = Release|Win32
		{A7F722C4-7A5C-44C7-8995-987069BAED45}.Release|x86.Build.0 = Release|Win32
	EndGlobalSection
	GlobalSection(SolutionProperties) = preSolution
		HideSolutionNode = FALSE
	EndGlobalSection
	GlobalSection(ExtensibilityGlobals) = postSolution
		SolutionGuid = {0967F1AA-3FFE-4712-8EB0-2483E0D1112D}
	EndGlobalSection
EndGlobal
